
Microsoft Visual Studio Solution File, Format Version 12.00
# Visual Studio Version 16
VisualStudioVersion = 16.0.31515.178
MinimumVisualStudioVersion = 10.0.40219.1
Project("{9A19103F-16F7-4668-BE54-9A1E7A4F7556}") = "ShamrockVault.Server", "Server\ShamrockVault.Server.csproj", "{E2EA84C0-26F4-4018-AE8B-5E1BF90743E6}"
EndProject
Project("{9A19103F-16F7-4668-BE54-9A1E7A4F7556}") = "ShamrockVault.Client", "Client\ShamrockVault.Client.csproj", "{8D4DDBCA-9FC8-4E1A-947D-455873362A4B}"
EndProject
Project("{9A19103F-16F7-4668-BE54-9A1E7A4F7556}") = "ShamrockVault.Shared", "Shared\ShamrockVault.Shared.csproj", "{CE90E95F-9CC8-4F25-99DF-F87B7931A54A}"
EndProject
Global
	GlobalSection(SolutionConfigurationPlatforms) = preSolution
		Debug|Any CPU = Debug|Any CPU
		Release|Any CPU = Release|Any CPU
	EndGlobalSection
	GlobalSection(ProjectConfigurationPlatforms) = postSolution
		{E2EA84C0-26F4-4018-AE8B-5E1BF90743E6}.Debug|Any CPU.ActiveCfg = Debug|Any CPU
		{E2EA84C0-26F4-4018-AE8B-5E1BF90743E6}.Debug|Any CPU.Build.0 = Debug|Any CPU
		{E2EA84C0-26F4-4018-AE8B-5E1BF90743E6}.Release|Any CPU.ActiveCfg = Release|Any CPU
		{E2EA84C0-26F4-4018-AE8B-5E1BF90743E6}.Release|Any CPU.Build.0 = Release|Any CPU
		{8D4DDBCA-9FC8-4E1A-947D-455873362A4B}.Debug|Any CPU.ActiveCfg = Debug|Any CPU
		{8D4DDBCA-9FC8-4E1A-947D-455873362A4B}.Debug|Any CPU.Build.0 = Debug|Any CPU
		{8D4DDBCA-9FC8-4E1A-947D-455873362A4B}.Release|Any CPU.ActiveCfg = Release|Any CPU
		{8D4DDBCA-9FC8-4E1A-947D-455873362A4B}.Release|Any CPU.Build.0 = Release|Any CPU
		{CE90E95F-9CC8-4F25-99DF-F87B7931A54A}.Debug|Any CPU.ActiveCfg = Debug|Any CPU
		{CE90E95F-9CC8-4F25-99DF-F87B7931A54A}.Debug|Any CPU.Build.0 = Debug|Any CPU
		{CE90E95F-9CC8-4F25-99DF-F87B7931A54A}.Release|Any CPU.ActiveCfg = Release|Any CPU
		{CE90E95F-9CC8-4F25-99DF-F87B7931A54A}.Release|Any CPU.Build.0 = Release|Any CPU
	EndGlobalSection
	GlobalSection(SolutionProperties) = preSolution
		HideSolutionNode = FALSE
	EndGlobalSection
	GlobalSection(ExtensibilityGlobals) = postSolution
		SolutionGuid = {9EEF0386-4848-474E-8FDC-CC399BCAEF6F}
	EndGlobalSection
EndGlobal
